
Microsoft Visual Studio Solution File, Format Version 12.00
# Visual Studio Version 16
VisualStudioVersion = 16.0.30320.27
MinimumVisualStudioVersion = 10.0.40219.1
Project("{9A19103F-16F7-4668-BE54-9A1E7A4F7556}") = "SakhCuba", "SakhCuba\SakhCuba.csproj", "{ADA9FA16-1EAF-4ED2-B52B-8E989620F177}"
EndProject
Project("{FAE04EC0-301F-11D3-BF4B-00C04F79EFBC}") = "SakhCuba.Tests", "SakhCuba.Tests\SakhCuba.Tests.csproj", "{61265035-C967-4602-A7E3-CCBF70C7CD3A}"
EndProject
Global
	GlobalSection(SolutionConfigurationPlatforms) = preSolution
		Debug|Any CPU = Debug|Any CPU
		Release|Any CPU = Release|Any CPU
	EndGlobalSection
	GlobalSection(ProjectConfigurationPlatforms) = postSolution
		{ADA9FA16-1EAF-4ED2-B52B-8E989620F177}.Debug|Any CPU.ActiveCfg = Debug|Any CPU
		{ADA9FA16-1EAF-4ED2-B52B-8E989620F177}.Debug|Any CPU.Build.0 = Debug|Any CPU
		{ADA9FA16-1EAF-4ED2-B52B-8E989620F177}.Release|Any CPU.ActiveCfg = Release|Any CPU
		{ADA9FA16-1EAF-4ED2-B52B-8E989620F177}.Release|Any CPU.Build.0 = Release|Any CPU
		{61265035-C967-4602-A7E3-CCBF70C7CD3A}.Debug|Any CPU.ActiveCfg = Debug|Any CPU
		{61265035-C967-4602-A7E3-CCBF70C7CD3A}.Debug|Any CPU.Build.0 = Debug|Any CPU
		{61265035-C967-4602-A7E3-CCBF70C7CD3A}.Release|Any CPU.ActiveCfg = Release|Any CPU
		{61265035-C967-4602-A7E3-CCBF70C7CD3A}.Release|Any CPU.Build.0 = Release|Any CPU
	EndGlobalSection
	GlobalSection(SolutionProperties) = preSolution
		HideSolutionNode = FALSE
	EndGlobalSection
	GlobalSection(ExtensibilityGlobals) = postSolution
		SolutionGuid = {3307CDAB-905B-472D-994F-F70B96455AB3}
	EndGlobalSection
EndGlobal
